PODS:
  - SwiftyVK (2.0.4)

DEPENDENCIES:
  - SwiftyVK (from `https://github.com/WE-St0r/SwiftyVK.git`)

EXTERNAL SOURCES:
  SwiftyVK:
    :git: https://github.com/WE-St0r/SwiftyVK.git

CHECKOUT OPTIONS:
  SwiftyVK:
    :commit: a0229f765efa772cd4d3466a78257e8812b6f5c5
    :git: https://github.com/WE-St0r/SwiftyVK.git

SPEC CHECKSUMS:
  SwiftyVK: e841fff2efaf716a408d51e592bfd2e702ffe9de

PODFILE CHECKSUM: e8f8aab5d38ce279135af5c9c65f1c554043d421

COCOAPODS: 1.2.0.beta.3
