{
  "pins" : [
    {
      "identity" : "lnpopupcontroller",
      "kind" : "remoteSourceControl",
      "location" : "https://github.com/LeoNatan/LNPopupController.git",
      "state" : {
        "revision" : "0dfea7c146953f34ce3eb3d0793e90df17640891",
        "version" : "2.14.9"
      }
    }
  ],
  "version" : 2
}
