// !$*UTF8*$!
{
	archiveVersion = 1;
	classes = {
	};
	objectVersion = 46;
	objects = {

/* Begin PBXBuildFile section */
		4A3023939614D193F847A910 /* Pods_Muzonchik.framework in Frameworks */ = {isa = PBXBuildFile; fileRef = BC1F7F3BD2F52A7CCB85E5F5 /* Pods_Muzonchik.framework */; };
		5B33AF1220532404006A8B86 /* CoreDataModel.xcdatamodeld in Sources */ = {isa = PBXBuildFile; fileRef = 5B33AF1020532404006A8B86 /* CoreDataModel.xcdatamodeld */; };
		5B33AF35205370C4006A8B86 /* CoreDataManager.swift in Sources */ = {isa = PBXBuildFile; fileRef = 5B33AF34205370C4006A8B86 /* CoreDataManager.swift */; };
		5B3949CD1D8D10AA00A20E7E /* MainScreen.swift in Sources */ = {isa = PBXBuildFile; fileRef = 5B3949CC1D8D10AA00A20E7E /* MainScreen.swift */; };
		5B3949CF1D8D12DB00A20E7E /* TrackCell.swift in Sources */ = {isa = PBXBuildFile; fileRef = 5B3949CE1D8D12DB00A20E7E /* TrackCell.swift */; };
		5B3949D11D8D146500A20E7E /* Download.swift in Sources */ = {isa = PBXBuildFile; fileRef = 5B3949D01D8D146500A20E7E /* Download.swift */; };
		5B5078C1204A346000712ADE /* CompactMusicPlayerVC.swift in Sources */ = {isa = PBXBuildFile; fileRef = 5B5078C0204A346000712ADE /* CompactMusicPlayerVC.swift */; };
		5B5078C8204A759A00712ADE /* TrackTableViewCell.swift in Sources */ = {isa = PBXBuildFile; fileRef = 5B5078C7204A759A00712ADE /* TrackTableViewCell.swift */; };
		5B5078CC204ACC3E00712ADE /* SubtleVolume.swift in Sources */ = {isa = PBXBuildFile; fileRef = 5B5078CB204ACC3E00712ADE /* SubtleVolume.swift */; };
		5B5078D0204BE78500712ADE /* Main.storyboard in Resources */ = {isa = PBXBuildFile; fileRef = 5B5078CF204BE78500712ADE /* Main.storyboard */; };
		5B7A10B02042CCB500CF3E8C /* LNPopupController.framework in Frameworks */ = {isa = PBXBuildFile; fileRef = 5B7A10AF2042CCA200CF3E8C /* LNPopupController.framework */; };
		5B7A10B12042CCB500CF3E8C /* LNPopupController.framework in Embed Frameworks */ = {isa = PBXBuildFile; fileRef = 5B7A10AF2042CCA200CF3E8C /* LNPopupController.framework */; settings = {ATTRIBUTES = (CodeSignOnCopy, RemoveHeadersOnCopy, ); }; };
		5BC751F7204411CE00228EDF /* SettingsTableVC.swift in Sources */ = {isa = PBXBuildFile; fileRef = 5BC751F6204411CE00228EDF /* SettingsTableVC.swift */; };
		5BFFCE0B2040AC7A00716A78 /* TrackListTableVC.swift in Sources */ = {isa = PBXBuildFile; fileRef = 5BFFCE0A2040AC7A00716A78 /* TrackListTableVC.swift */; };
		5BFFCE0D2040B1DE00716A78 /* Extensions.swift in Sources */ = {isa = PBXBuildFile; fileRef = 5BFFCE0C2040B1DE00716A78 /* Extensions.swift */; };
		5BFFCE102040BCE500716A78 /* TrackListTableViewCell.swift in Sources */ = {isa = PBXBuildFile; fileRef = 5BFFCE0F2040BCE500716A78 /* TrackListTableViewCell.swift */; };
		5BFFCE122040C25F00716A78 /* Constants.swift in Sources */ = {isa = PBXBuildFile; fileRef = 5BFFCE112040C25F00716A78 /* Constants.swift */; };
		5BFFCE33204115D600716A78 /* TableViewSwipeSettings.swift in Sources */ = {isa = PBXBuildFile; fileRef = 5BFFCE32204115D600716A78 /* TableViewSwipeSettings.swift */; };
		5BFFCE362041172A00716A78 /* HelperFunctions.swift in Sources */ = {isa = PBXBuildFile; fileRef = 5BFFCE352041172A00716A78 /* HelperFunctions.swift */; };
		5BFFCE38204117CE00716A78 /* DownloadAudio.swift in Sources */ = {isa = PBXBuildFile; fileRef = 5BFFCE37204117CE00716A78 /* DownloadAudio.swift */; };
		C4444E731DA2788400160F1F /* MarqueeLabel.m in Sources */ = {isa = PBXBuildFile; fileRef = C4444E721DA2788400160F1F /* MarqueeLabel.m */; };
		C4444E781DA2867300160F1F /* ESTMusicIndicatorContentView.swift in Sources */ = {isa = PBXBuildFile; fileRef = C4444E761DA2867300160F1F /* ESTMusicIndicatorContentView.swift */; };
		C4444E791DA2867300160F1F /* ESTMusicIndicatorView.swift in Sources */ = {isa = PBXBuildFile; fileRef = C4444E771DA2867300160F1F /* ESTMusicIndicatorView.swift */; };
		C4444E7F1DA3868200160F1F /* CircleProgressView.swift in Sources */ = {isa = PBXBuildFile; fileRef = C4444E7E1DA3868200160F1F /* CircleProgressView.swift */; };
		C45FF8101D91377A001637A7 /* AudioPlayer.swift in Sources */ = {isa = PBXBuildFile; fileRef = C45FF80F1D91377A001637A7 /* AudioPlayer.swift */; };
		C45FF8121D9137DC001637A7 /* CommandCenter.swift in Sources */ = {isa = PBXBuildFile; fileRef = C45FF8111D9137DC001637A7 /* CommandCenter.swift */; };
		C47D51B71D8FE33700968226 /* SwiftNotificationBanner.swift in Sources */ = {isa = PBXBuildFile; fileRef = C47D51B41D8FE33700968226 /* SwiftNotificationBanner.swift */; };
		C47D51B81D8FE33700968226 /* SwiftNotificationBannerView.swift in Sources */ = {isa = PBXBuildFile; fileRef = C47D51B51D8FE33700968226 /* SwiftNotificationBannerView.swift */; };
		C47D51B91D8FE33700968226 /* SwiftNotificationBannerView.xib in Resources */ = {isa = PBXBuildFile; fileRef = C47D51B61D8FE33700968226 /* SwiftNotificationBannerView.xib */; };
		C4850B0A1DA1C8CE004AFF81 /* MGSwipeButton.m in Sources */ = {isa = PBXBuildFile; fileRef = C4850B071DA1C8CE004AFF81 /* MGSwipeButton.m */; };
		C4850B0B1DA1C8CF004AFF81 /* MGSwipeTableCell.m in Sources */ = {isa = PBXBuildFile; fileRef = C4850B091DA1C8CE004AFF81 /* MGSwipeTableCell.m */; };
		C48A9AAC1D8A9929006B3C64 /* Audio.swift in Sources */ = {isa = PBXBuildFile; fileRef = C48A9AAB1D8A9929006B3C64 /* Audio.swift */; };
		C498CB761D9ED52D00B73FF1 /* GlobalFunctions.swift in Sources */ = {isa = PBXBuildFile; fileRef = C498CB751D9ED52D00B73FF1 /* GlobalFunctions.swift */; };
		C4CC8D8A1D8A7F8600BF68A1 /* AppDelegate.swift in Sources */ = {isa = PBXBuildFile; fileRef = C4CC8D891D8A7F8600BF68A1 /* AppDelegate.swift */; };
		C4CC8D911D8A7F8600BF68A1 /* Assets.xcassets in Resources */ = {isa = PBXBuildFile; fileRef = C4CC8D901D8A7F8600BF68A1 /* Assets.xcassets */; };
		C4CC8D941D8A7F8600BF68A1 /* LaunchScreen.storyboard in Resources */ = {isa = PBXBuildFile; fileRef = C4CC8D921D8A7F8600BF68A1 /* LaunchScreen.storyboard */; };
/* End PBXBuildFile section */

/* Begin PBXContainerItemProxy section */
		5B7A10AE2042CCA200CF3E8C /* PBXContainerItemProxy */ = {
			isa = PBXContainerItemProxy;
			containerPortal = 5B7A10AA2042CCA100CF3E8C /* LNPopupController.xcodeproj */;
			proxyType = 2;
			remoteGlobalIDString = 39DB52E51B5823330061C589;
			remoteInfo = LNPopupController;
		};
		5B7A10B22042CCB500CF3E8C /* PBXContainerItemProxy */ = {
			isa = PBXContainerItemProxy;
			containerPortal = 5B7A10AA2042CCA100CF3E8C /* LNPopupController.xcodeproj */;
			proxyType = 1;
			remoteGlobalIDString = 39DB52E41B5823330061C589;
			remoteInfo = LNPopupController;
		};
/* End PBXContainerItemProxy section */

/* Begin PBXCopyFilesBuildPhase section */
		C475CA6B1DA536D9009C8674 /* Embed Frameworks */ = {
			isa = PBXCopyFilesBuildPhase;
			buildActionMask = 2147483647;
			dstPath = "";
			dstSubfolderSpec = 10;
			files = (
				5B7A10B12042CCB500CF3E8C /* LNPopupController.framework in Embed Frameworks */,
			);
			name = "Embed Frameworks";
			runOnlyForDeploymentPostprocessing = 0;
		};
/* End PBXCopyFilesBuildPhase section */

/* Begin PBXFileReference section */
		39666A64A0F31A1371D9452D /* Pods-VKMusic.debug.xcconfig */ = {isa = PBXFileReference; includeInIndex = 1; lastKnownFileType = text.xcconfig; name = "Pods-VKMusic.debug.xcconfig"; path = "Pods/Target Support Files/Pods-VKMusic/Pods-VKMusic.debug.xcconfig"; sourceTree = "<group>"; };
		4128D48A6FB63A3004F51565 /* Pods_VKMusic.framework */ = {isa = PBXFileReference; explicitFileType = wrapper.framework; includeInIndex = 0; path = Pods_VKMusic.framework; sourceTree = BUILT_PRODUCTS_DIR; };
		5B33AF1120532404006A8B86 /* CoreDataModel.xcdatamodel */ = {isa = PBXFileReference; lastKnownFileType = wrapper.xcdatamodel; path = CoreDataModel.xcdatamodel; sourceTree = "<group>"; };
		5B33AF34205370C4006A8B86 /* CoreDataManager.swift */ = {isa = PBXFileReference; lastKnownFileType = sourcecode.swift; path = CoreDataManager.swift; sourceTree = "<group>"; };
		5B3949CC1D8D10AA00A20E7E /* MainScreen.swift */ = {isa = PBXFileReference; fileEncoding = 4; lastKnownFileType = sourcecode.swift; path = MainScreen.swift; sourceTree = "<group>"; };
		5B3949CE1D8D12DB00A20E7E /* TrackCell.swift */ = {isa = PBXFileReference; fileEncoding = 4; lastKnownFileType = sourcecode.swift; path = TrackCell.swift; sourceTree = "<group>"; };
		5B3949D01D8D146500A20E7E /* Download.swift */ = {isa = PBXFileReference; fileEncoding = 4; lastKnownFileType = sourcecode.swift; path = Download.swift; sourceTree = "<group>"; };
		5B5078C0204A346000712ADE /* CompactMusicPlayerVC.swift */ = {isa = PBXFileReference; lastKnownFileType = sourcecode.swift; path = CompactMusicPlayerVC.swift; sourceTree = "<group>"; };
		5B5078C7204A759A00712ADE /* TrackTableViewCell.swift */ = {isa = PBXFileReference; lastKnownFileType = sourcecode.swift; path = TrackTableViewCell.swift; sourceTree = "<group>"; };
		5B5078CB204ACC3E00712ADE /* SubtleVolume.swift */ = {isa = PBXFileReference; fileEncoding = 4; lastKnownFileType = sourcecode.swift; path = SubtleVolume.swift; sourceTree = "<group>"; };
		5B5078CF204BE78500712ADE /* Main.storyboard */ = {isa = PBXFileReference; fileEncoding = 4; lastKnownFileType = file.storyboard; path = Main.storyboard; sourceTree = "<group>"; };
		5B7A10AA2042CCA100CF3E8C /* LNPopupController.xcodeproj */ = {isa = PBXFileReference; lastKnownFileType = "wrapper.pb-project"; name = LNPopupController.xcodeproj; path = Addons/LNPopupController/LNPopupController.xcodeproj; sourceTree = "<group>"; };
		5BC751F6204411CE00228EDF /* SettingsTableVC.swift */ = {isa = PBXFileReference; lastKnownFileType = sourcecode.swift; path = SettingsTableVC.swift; sourceTree = "<group>"; };
		5BFFCE0A2040AC7A00716A78 /* TrackListTableVC.swift */ = {isa = PBXFileReference; lastKnownFileType = sourcecode.swift; path = TrackListTableVC.swift; sourceTree = "<group>"; };
		5BFFCE0C2040B1DE00716A78 /* Extensions.swift */ = {isa = PBXFileReference; lastKnownFileType = sourcecode.swift; path = Extensions.swift; sourceTree = "<group>"; };
		5BFFCE0F2040BCE500716A78 /* TrackListTableViewCell.swift */ = {isa = PBXFileReference; lastKnownFileType = sourcecode.swift; path = TrackListTableViewCell.swift; sourceTree = "<group>"; };
		5BFFCE112040C25F00716A78 /* Constants.swift */ = {isa = PBXFileReference; lastKnownFileType = sourcecode.swift; path = Constants.swift; sourceTree = "<group>"; };
		5BFFCE32204115D600716A78 /* TableViewSwipeSettings.swift */ = {isa = PBXFileReference; lastKnownFileType = sourcecode.swift; path = TableViewSwipeSettings.swift; sourceTree = "<group>"; };
		5BFFCE352041172A00716A78 /* HelperFunctions.swift */ = {isa = PBXFileReference; lastKnownFileType = sourcecode.swift; path = HelperFunctions.swift; sourceTree = "<group>"; };
		5BFFCE37204117CE00716A78 /* DownloadAudio.swift */ = {isa = PBXFileReference; lastKnownFileType = sourcecode.swift; path = DownloadAudio.swift; sourceTree = "<group>"; };
		A3AF06D2A3F37E16D0179E16 /* Pods-VKMusic.release.xcconfig */ = {isa = PBXFileReference; includeInIndex = 1; lastKnownFileType = text.xcconfig; name = "Pods-VKMusic.release.xcconfig"; path = "Pods/Target Support Files/Pods-VKMusic/Pods-VKMusic.release.xcconfig"; sourceTree = "<group>"; };
		ADA000499C89EF66BC4E0D77 /* Pods-Muzonchik.debug.xcconfig */ = {isa = PBXFileReference; includeInIndex = 1; lastKnownFileType = text.xcconfig; name = "Pods-Muzonchik.debug.xcconfig"; path = "Pods/Target Support Files/Pods-Muzonchik/Pods-Muzonchik.debug.xcconfig"; sourceTree = "<group>"; };
		BC1F7F3BD2F52A7CCB85E5F5 /* Pods_Muzonchik.framework */ = {isa = PBXFileReference; explicitFileType = wrapper.framework; includeInIndex = 0; path = Pods_Muzonchik.framework; sourceTree = BUILT_PRODUCTS_DIR; };
		C4444E711DA2787E00160F1F /* MarqueeLabel.h */ = {isa = PBXFileReference; lastKnownFileType = sourcecode.c.h; path = MarqueeLabel.h; sourceTree = "<group>"; };
		C4444E721DA2788400160F1F /* MarqueeLabel.m */ = {isa = PBXFileReference; fileEncoding = 4; lastKnownFileType = sourcecode.c.objc; path = MarqueeLabel.m; sourceTree = "<group>"; };
		C4444E761DA2867300160F1F /* ESTMusicIndicatorContentView.swift */ = {isa = PBXFileReference; fileEncoding = 4; lastKnownFileType = sourcecode.swift; path = ESTMusicIndicatorContentView.swift; sourceTree = "<group>"; };
		C4444E771DA2867300160F1F /* ESTMusicIndicatorView.swift */ = {isa = PBXFileReference; fileEncoding = 4; lastKnownFileType = sourcecode.swift; path = ESTMusicIndicatorView.swift; sourceTree = "<group>"; };
		C4444E7E1DA3868200160F1F /* CircleProgressView.swift */ = {isa = PBXFileReference; fileEncoding = 4; lastKnownFileType = sourcecode.swift; path = CircleProgressView.swift; sourceTree = "<group>"; };
		C45FF80F1D91377A001637A7 /* AudioPlayer.swift */ = {isa = PBXFileReference; fileEncoding = 4; lastKnownFileType = sourcecode.swift; path = AudioPlayer.swift; sourceTree = "<group>"; };
		C45FF8111D9137DC001637A7 /* CommandCenter.swift */ = {isa = PBXFileReference; fileEncoding = 4; lastKnownFileType = sourcecode.swift; path = CommandCenter.swift; sourceTree = "<group>"; };
		C47D51B41D8FE33700968226 /* SwiftNotificationBanner.swift */ = {isa = PBXFileReference; fileEncoding = 4; lastKnownFileType = sourcecode.swift; path = SwiftNotificationBanner.swift; sourceTree = "<group>"; };
		C47D51B51D8FE33700968226 /* SwiftNotificationBannerView.swift */ = {isa = PBXFileReference; fileEncoding = 4; lastKnownFileType = sourcecode.swift; path = SwiftNotificationBannerView.swift; sourceTree = "<group>"; };
		C47D51B61D8FE33700968226 /* SwiftNotificationBannerView.xib */ = {isa = PBXFileReference; fileEncoding = 4; lastKnownFileType = file.xib; path = SwiftNotificationBannerView.xib; sourceTree = "<group>"; };
		C4850B051DA1C8CE004AFF81 /* VKMusic-Bridging-Header.h */ = {isa = PBXFileReference; lastKnownFileType = sourcecode.c.h; path = "VKMusic-Bridging-Header.h"; sourceTree = "<group>"; };
		C4850B061DA1C8CE004AFF81 /* MGSwipeButton.h */ = {isa = PBXFileReference; fileEncoding = 4; lastKnownFileType = sourcecode.c.h; path = MGSwipeButton.h; sourceTree = "<group>"; };
		C4850B071DA1C8CE004AFF81 /* MGSwipeButton.m */ = {isa = PBXFileReference; fileEncoding = 4; lastKnownFileType = sourcecode.c.objc; path = MGSwipeButton.m; sourceTree = "<group>"; };
		C4850B081DA1C8CE004AFF81 /* MGSwipeTableCell.h */ = {isa = PBXFileReference; fileEncoding = 4; lastKnownFileType = sourcecode.c.h; path = MGSwipeTableCell.h; sourceTree = "<group>"; };
		C4850B091DA1C8CE004AFF81 /* MGSwipeTableCell.m */ = {isa = PBXFileReference; fileEncoding = 4; lastKnownFileType = sourcecode.c.objc; path = MGSwipeTableCell.m; sourceTree = "<group>"; };
		C48A9AAB1D8A9929006B3C64 /* Audio.swift */ = {isa = PBXFileReference; fileEncoding = 4; lastKnownFileType = sourcecode.swift; path = Audio.swift; sourceTree = "<group>"; };
		C498CB751D9ED52D00B73FF1 /* GlobalFunctions.swift */ = {isa = PBXFileReference; fileEncoding = 4; lastKnownFileType = sourcecode.swift; path = GlobalFunctions.swift; sourceTree = "<group>"; };
		C4CC8D861D8A7F8600BF68A1 /* Muzonchik.app */ = {isa = PBXFileReference; explicitFileType = wrapper.application; includeInIndex = 0; path = Muzonchik.app; sourceTree = BUILT_PRODUCTS_DIR; };
		C4CC8D891D8A7F8600BF68A1 /* AppDelegate.swift */ = {isa = PBXFileReference; lastKnownFileType = sourcecode.swift; path = AppDelegate.swift; sourceTree = "<group>"; };
		C4CC8D901D8A7F8600BF68A1 /* Assets.xcassets */ = {isa = PBXFileReference; lastKnownFileType = folder.assetcatalog; path = Assets.xcassets; sourceTree = "<group>"; };
		C4CC8D931D8A7F8600BF68A1 /* Base */ = {isa = PBXFileReference; lastKnownFileType = file.storyboard; name = Base; path = Base.lproj/LaunchScreen.storyboard; sourceTree = "<group>"; };
		C4CC8D951D8A7F8600BF68A1 /* Info.plist */ = {isa = PBXFileReference; lastKnownFileType = text.plist.xml; path = Info.plist; sourceTree = "<group>"; };
		F5E0C33E2295853D40E59673 /* Pods-Muzonchik.release.xcconfig */ = {isa = PBXFileReference; includeInIndex = 1; lastKnownFileType = text.xcconfig; name = "Pods-Muzonchik.release.xcconfig"; path = "Pods/Target Support Files/Pods-Muzonchik/Pods-Muzonchik.release.xcconfig"; sourceTree = "<group>"; };
/* End PBXFileReference section */

/* Begin PBXFrameworksBuildPhase section */
		C4CC8D831D8A7F8600BF68A1 /* Frameworks */ = {
			isa = PBXFrameworksBuildPhase;
			buildActionMask = 2147483647;
			files = (
				5B7A10B02042CCB500CF3E8C /* LNPopupController.framework in Frameworks */,
				4A3023939614D193F847A910 /* Pods_Muzonchik.framework in Frameworks */,
			);
			runOnlyForDeploymentPostprocessing = 0;
		};
/* End PBXFrameworksBuildPhase section */

/* Begin PBXGroup section */
		39D9B4E3198AE710B90EE5A6 /* Pods */ = {
			isa = PBXGroup;
			children = (
				39666A64A0F31A1371D9452D /* Pods-VKMusic.debug.xcconfig */,
				A3AF06D2A3F37E16D0179E16 /* Pods-VKMusic.release.xcconfig */,
				ADA000499C89EF66BC4E0D77 /* Pods-Muzonchik.debug.xcconfig */,
				F5E0C33E2295853D40E59673 /* Pods-Muzonchik.release.xcconfig */,
			);
			name = Pods;
			sourceTree = "<group>";
		};
		5B5078C2204A346400712ADE /* TelegramMusicPlayer */ = {
			isa = PBXGroup;
			children = (
				5B5078C0204A346000712ADE /* CompactMusicPlayerVC.swift */,
				5B5078C7204A759A00712ADE /* TrackTableViewCell.swift */,
				5B5078CB204ACC3E00712ADE /* SubtleVolume.swift */,
			);
			name = TelegramMusicPlayer;
			sourceTree = "<group>";
		};
		5B7A10AB2042CCA100CF3E8C /* Products */ = {
			isa = PBXGroup;
			children = (
				5B7A10AF2042CCA200CF3E8C /* LNPopupController.framework */,
			);
			name = Products;
			sourceTree = "<group>";
		};
		5BC751F8204411D200228EDF /* Settings */ = {
			isa = PBXGroup;
			children = (
				5BC751F6204411CE00228EDF /* SettingsTableVC.swift */,
			);
			name = Settings;
			sourceTree = "<group>";
		};
		5BFFCE0E2040B31400716A78 /* Helpers */ = {
			isa = PBXGroup;
			children = (
				C498CB751D9ED52D00B73FF1 /* GlobalFunctions.swift */,
				5BFFCE0C2040B1DE00716A78 /* Extensions.swift */,
				5BFFCE112040C25F00716A78 /* Constants.swift */,
				5B33AF34205370C4006A8B86 /* CoreDataManager.swift */,
			);
			name = Helpers;
			sourceTree = "<group>";
		};
		5BFFCE34204115E200716A78 /* MusicList */ = {
			isa = PBXGroup;
			children = (
				5BFFCE0A2040AC7A00716A78 /* TrackListTableVC.swift */,
				5BFFCE0F2040BCE500716A78 /* TrackListTableViewCell.swift */,
				5BFFCE32204115D600716A78 /* TableViewSwipeSettings.swift */,
				5BFFCE352041172A00716A78 /* HelperFunctions.swift */,
				5BFFCE37204117CE00716A78 /* DownloadAudio.swift */,
			);
			name = MusicList;
			sourceTree = "<group>";
		};
		BA02850FD7841EC50B6A37DF /* Frameworks */ = {
			isa = PBXGroup;
			children = (
				4128D48A6FB63A3004F51565 /* Pods_VKMusic.framework */,
				BC1F7F3BD2F52A7CCB85E5F5 /* Pods_Muzonchik.framework */,
			);
			name = Frameworks;
			sourceTree = "<group>";
		};
		C4444E741DA27A0700160F1F /* MarqueeLabel */ = {
			isa = PBXGroup;
			children = (
				C4444E721DA2788400160F1F /* MarqueeLabel.m */,
				C4444E711DA2787E00160F1F /* MarqueeLabel.h */,
			);
			name = MarqueeLabel;
			sourceTree = "<group>";
		};
		C4444E751DA2865A00160F1F /* ESTMusicIndicator */ = {
			isa = PBXGroup;
			children = (
				C4444E7E1DA3868200160F1F /* CircleProgressView.swift */,
				C4444E761DA2867300160F1F /* ESTMusicIndicatorContentView.swift */,
				C4444E771DA2867300160F1F /* ESTMusicIndicatorView.swift */,
			);
			name = ESTMusicIndicator;
			sourceTree = "<group>";
		};
		C45FF80C1D913571001637A7 /* AudioPlayer */ = {
			isa = PBXGroup;
			children = (
				C45FF80F1D91377A001637A7 /* AudioPlayer.swift */,
				C45FF8111D9137DC001637A7 /* CommandCenter.swift */,
				5B3949CE1D8D12DB00A20E7E /* TrackCell.swift */,
				5B3949CC1D8D10AA00A20E7E /* MainScreen.swift */,
			);
			name = AudioPlayer;
			sourceTree = "<group>";
		};
		C47D51AA1D8FE2AB00968226 /* Extras */ = {
			isa = PBXGroup;
			children = (
				C4850B041DA1C8B2004AFF81 /* MGSwipeTableCell */,
				C47D51AD1D8FE2D700968226 /* SwiftNotificationBanner */,
				C4444E751DA2865A00160F1F /* ESTMusicIndicator */,
				C4444E741DA27A0700160F1F /* MarqueeLabel */,
			);
			name = Extras;
			sourceTree = "<group>";
		};
		C47D51AD1D8FE2D700968226 /* SwiftNotificationBanner */ = {
			isa = PBXGroup;
			children = (
				C47D51B41D8FE33700968226 /* SwiftNotificationBanner.swift */,
				C47D51B51D8FE33700968226 /* SwiftNotificationBannerView.swift */,
				C47D51B61D8FE33700968226 /* SwiftNotificationBannerView.xib */,
			);
			name = SwiftNotificationBanner;
			sourceTree = "<group>";
		};
		C4850B041DA1C8B2004AFF81 /* MGSwipeTableCell */ = {
			isa = PBXGroup;
			children = (
				C4850B061DA1C8CE004AFF81 /* MGSwipeButton.h */,
				C4850B071DA1C8CE004AFF81 /* MGSwipeButton.m */,
				C4850B081DA1C8CE004AFF81 /* MGSwipeTableCell.h */,
				C4850B091DA1C8CE004AFF81 /* MGSwipeTableCell.m */,
				C4850B051DA1C8CE004AFF81 /* VKMusic-Bridging-Header.h */,
			);
			name = MGSwipeTableCell;
			sourceTree = "<group>";
		};
		C4CC8D7D1D8A7F8600BF68A1 = {
			isa = PBXGroup;
			children = (
				5B33AF1020532404006A8B86 /* CoreDataModel.xcdatamodeld */,
				5B7A10AA2042CCA100CF3E8C /* LNPopupController.xcodeproj */,
				C4CC8D881D8A7F8600BF68A1 /* VKMusic */,
				C4CC8D871D8A7F8600BF68A1 /* Products */,
				BA02850FD7841EC50B6A37DF /* Frameworks */,
				39D9B4E3198AE710B90EE5A6 /* Pods */,
			);
			sourceTree = "<group>";
		};
		C4CC8D871D8A7F8600BF68A1 /* Products */ = {
			isa = PBXGroup;
			children = (
				C4CC8D861D8A7F8600BF68A1 /* Muzonchik.app */,
			);
			name = Products;
			sourceTree = "<group>";
		};
		C4CC8D881D8A7F8600BF68A1 /* VKMusic */ = {
			isa = PBXGroup;
			children = (
				C4D47B051DA3B27800244086 /* Models */,
				C47D51AA1D8FE2AB00968226 /* Extras */,
				5B5078C2204A346400712ADE /* TelegramMusicPlayer */,
				C45FF80C1D913571001637A7 /* AudioPlayer */,
				5BFFCE34204115E200716A78 /* MusicList */,
				5BC751F8204411D200228EDF /* Settings */,
				5BFFCE0E2040B31400716A78 /* Helpers */,
				C4CC8D901D8A7F8600BF68A1 /* Assets.xcassets */,
				C4CC8D891D8A7F8600BF68A1 /* AppDelegate.swift */,
				5B5078CF204BE78500712ADE /* Main.storyboard */,
				C4CC8D921D8A7F8600BF68A1 /* LaunchScreen.storyboard */,
				C4CC8D951D8A7F8600BF68A1 /* Info.plist */,
			);
			path = VKMusic;
			sourceTree = "<group>";
		};
		C4D47B051DA3B27800244086 /* Models */ = {
			isa = PBXGroup;
			children = (
				5B3949D01D8D146500A20E7E /* Download.swift */,
				C48A9AAB1D8A9929006B3C64 /* Audio.swift */,
			);
			name = Models;
			sourceTree = "<group>";
		};
/* End PBXGroup section */

/* Begin PBXNativeTarget section */
		C4CC8D851D8A7F8600BF68A1 /* Muzonchik */ = {
			isa = PBXNativeTarget;
			buildConfigurationList = C4CC8D981D8A7F8600BF68A1 /* Build configuration list for PBXNativeTarget "Muzonchik" */;
			buildPhases = (
				003A629BD763372A644AC6CB /* [CP] Check Pods Manifest.lock */,
				C4CC8D821D8A7F8600BF68A1 /* Sources */,
				C4CC8D831D8A7F8600BF68A1 /* Frameworks */,
				C4CC8D841D8A7F8600BF68A1 /* Resources */,
				C475CA6B1DA536D9009C8674 /* Embed Frameworks */,
				C4A68BD11DE2FAF500B1878D /* ShellScript */,
				5AA26BF4249F35145D9F40EA /* [CP] Embed Pods Frameworks */,
				53084DD6FD655FD41950C55C /* [CP] Copy Pods Resources */,
			);
			buildRules = (
			);
			dependencies = (
				5B7A10B32042CCB500CF3E8C /* PBXTargetDependency */,
			);
			name = Muzonchik;
			productName = VKMusic;
			productReference = C4CC8D861D8A7F8600BF68A1 /* Muzonchik.app */;
			productType = "com.apple.product-type.application";
		};
/* End PBXNativeTarget section */

/* Begin PBXProject section */
		C4CC8D7E1D8A7F8600BF68A1 /* Project object */ = {
			isa = PBXProject;
			attributes = {
				LastSwiftUpdateCheck = 0800;
				LastUpgradeCheck = 0920;
				ORGANIZATIONNAME = "Yaroslav Dukal";
				TargetAttributes = {
					C4CC8D851D8A7F8600BF68A1 = {
						CreatedOnToolsVersion = 8.0;
						DevelopmentTeam = BC9BB978A8;
						LastSwiftMigration = 0920;
						ProvisioningStyle = Automatic;
						SystemCapabilities = {
							com.apple.BackgroundModes = {
								enabled = 1;
							};
						};
					};
				};
			};
			buildConfigurationList = C4CC8D811D8A7F8600BF68A1 /* Build configuration list for PBXProject "Muzonchik" */;
			compatibilityVersion = "Xcode 3.2";
			developmentRegion = English;
			hasScannedForEncodings = 0;
			knownRegions = (
				en,
				Base,
			);
			mainGroup = C4CC8D7D1D8A7F8600BF68A1;
			productRefGroup = C4CC8D871D8A7F8600BF68A1 /* Products */;
			projectDirPath = "";
			projectReferences = (
				{
					ProductGroup = 5B7A10AB2042CCA100CF3E8C /* Products */;
					ProjectRef = 5B7A10AA2042CCA100CF3E8C /* LNPopupController.xcodeproj */;
				},
			);
			projectRoot = "";
			targets = (
				C4CC8D851D8A7F8600BF68A1 /* Muzonchik */,
			);
		};
/* End PBXProject section */

/* Begin PBXReferenceProxy section */
		5B7A10AF2042CCA200CF3E8C /* LNPopupController.framework */ = {
			isa = PBXReferenceProxy;
			fileType = wrapper.framework;
			path = LNPopupController.framework;
			remoteRef = 5B7A10AE2042CCA200CF3E8C /* PBXContainerItemProxy */;
			sourceTree = BUILT_PRODUCTS_DIR;
		};
/* End PBXReferenceProxy section */

/* Begin PBXResourcesBuildPhase section */
		C4CC8D841D8A7F8600BF68A1 /* Resources */ = {
			isa = PBXResourcesBuildPhase;
			buildActionMask = 2147483647;
			files = (
				C4CC8D941D8A7F8600BF68A1 /* LaunchScreen.storyboard in Resources */,
				C47D51B91D8FE33700968226 /* SwiftNotificationBannerView.xib in Resources */,
				C4CC8D911D8A7F8600BF68A1 /* Assets.xcassets in Resources */,
				5B5078D0204BE78500712ADE /* Main.storyboard in Resources */,
			);
			runOnlyForDeploymentPostprocessing = 0;
		};
/* End PBXResourcesBuildPhase section */

/* Begin PBXShellScriptBuildPhase section */
		003A629BD763372A644AC6CB /* [CP] Check Pods Manifest.lock */ = {
			isa = PBXShellScriptBuildPhase;
			buildActionMask = 2147483647;
			files = (
			);
			inputPaths = (
				"${PODS_PODFILE_DIR_PATH}/Podfile.lock",
				"${PODS_ROOT}/Manifest.lock",
			);
			name = "[CP] Check Pods Manifest.lock";
			outputPaths = (
				"$(DERIVED_FILE_DIR)/Pods-Muzonchik-checkManifestLockResult.txt",
			);
			runOnlyForDeploymentPostprocessing = 0;
			shellPath = /bin/sh;
			shellScript = "diff \"${PODS_PODFILE_DIR_PATH}/Podfile.lock\" \"${PODS_ROOT}/Manifest.lock\" > /dev/null\nif [ $? != 0 ] ; then\n    # print error to STDERR\n    echo \"error: The sandbox is not in sync with the Podfile.lock. Run 'pod install' or update your CocoaPods installation.\" >&2\n    exit 1\nfi\n# This output is used by Xcode 'outputs' to avoid re-running this script phase.\necho \"SUCCESS\" > \"${SCRIPT_OUTPUT_FILE_0}\"\n";
			showEnvVarsInLog = 0;
		};
		53084DD6FD655FD41950C55C /* [CP] Copy Pods Resources */ = {
			isa = PBXShellScriptBuildPhase;
			buildActionMask = 2147483647;
			files = (
			);
			inputPaths = (
			);
			name = "[CP] Copy Pods Resources";
			outputPaths = (
			);
			runOnlyForDeploymentPostprocessing = 0;
			shellPath = /bin/sh;
			shellScript = "\"${SRCROOT}/Pods/Target Support Files/Pods-Muzonchik/Pods-Muzonchik-resources.sh\"\n";
			showEnvVarsInLog = 0;
		};
		5AA26BF4249F35145D9F40EA /* [CP] Embed Pods Frameworks */ = {
			isa = PBXShellScriptBuildPhase;
			buildActionMask = 2147483647;
			files = (
			);
			inputPaths = (
				"${SRCROOT}/Pods/Target Support Files/Pods-Muzonchik/Pods-Muzonchik-frameworks.sh",
				"${BUILT_PRODUCTS_DIR}/Alamofire/Alamofire.framework",
				"${BUILT_PRODUCTS_DIR}/BTNavigationDropdownMenu/BTNavigationDropdownMenu.framework",
				"${BUILT_PRODUCTS_DIR}/CocoaAsyncSocket/CocoaAsyncSocket.framework",
				"${BUILT_PRODUCTS_DIR}/JKVValue/JKVValue.framework",
				"${BUILT_PRODUCTS_DIR}/RMQClient/RMQClient.framework",
				"${BUILT_PRODUCTS_DIR}/SwiftSoup/SwiftSoup.framework",
				"${BUILT_PRODUCTS_DIR}/SwiftyDropbox/SwiftyDropbox.framework",
				"${BUILT_PRODUCTS_DIR}/Zip/Zip.framework",
			);
			name = "[CP] Embed Pods Frameworks";
			outputPaths = (
				"${TARGET_BUILD_DIR}/${FRAMEWORKS_FOLDER_PATH}/Alamofire.framework",
				"${TARGET_BUILD_DIR}/${FRAMEWORKS_FOLDER_PATH}/BTNavigationDropdownMenu.framework",
				"${TARGET_BUILD_DIR}/${FRAMEWORKS_FOLDER_PATH}/CocoaAsyncSocket.framework",
				"${TARGET_BUILD_DIR}/${FRAMEWORKS_FOLDER_PATH}/JKVValue.framework",
				"${TARGET_BUILD_DIR}/${FRAMEWORKS_FOLDER_PATH}/RMQClient.framework",
				"${TARGET_BUILD_DIR}/${FRAMEWORKS_FOLDER_PATH}/SwiftSoup.framework",
				"${TARGET_BUILD_DIR}/${FRAMEWORKS_FOLDER_PATH}/SwiftyDropbox.framework",
				"${TARGET_BUILD_DIR}/${FRAMEWORKS_FOLDER_PATH}/Zip.framework",
			);
			runOnlyForDeploymentPostprocessing = 0;
			shellPath = /bin/sh;
			shellScript = "\"${SRCROOT}/Pods/Target Support Files/Pods-Muzonchik/Pods-Muzonchik-frameworks.sh\"\n";
			showEnvVarsInLog = 0;
		};
		C4A68BD11DE2FAF500B1878D /* ShellScript */ = {
			isa = PBXShellScriptBuildPhase;
			buildActionMask = 2147483647;
			files = (
			);
			inputPaths = (
			);
			outputPaths = (
			);
			runOnlyForDeploymentPostprocessing = 0;
			shellPath = /bin/sh;
			shellScript = "";
		};
/* End PBXShellScriptBuildPhase section */

/* Begin PBXSourcesBuildPhase section */
		C4CC8D821D8A7F8600BF68A1 /* Sources */ = {
			isa = PBXSourcesBuildPhase;
			buildActionMask = 2147483647;
			files = (
				C48A9AAC1D8A9929006B3C64 /* Audio.swift in Sources */,
				5B3949CD1D8D10AA00A20E7E /* MainScreen.swift in Sources */,
				C45FF8101D91377A001637A7 /* AudioPlayer.swift in Sources */,
				C4444E791DA2867300160F1F /* ESTMusicIndicatorView.swift in Sources */,
				C4444E7F1DA3868200160F1F /* CircleProgressView.swift in Sources */,
				C47D51B81D8FE33700968226 /* SwiftNotificationBannerView.swift in Sources */,
				5BFFCE122040C25F00716A78 /* Constants.swift in Sources */,
				5B33AF35205370C4006A8B86 /* CoreDataManager.swift in Sources */,
				5BFFCE362041172A00716A78 /* HelperFunctions.swift in Sources */,
				5BFFCE38204117CE00716A78 /* DownloadAudio.swift in Sources */,
				5BFFCE33204115D600716A78 /* TableViewSwipeSettings.swift in Sources */,
				5BFFCE102040BCE500716A78 /* TrackListTableViewCell.swift in Sources */,
				5B5078CC204ACC3E00712ADE /* SubtleVolume.swift in Sources */,
				C4850B0B1DA1C8CF004AFF81 /* MGSwipeTableCell.m in Sources */,
				5BC751F7204411CE00228EDF /* SettingsTableVC.swift in Sources */,
				C4850B0A1DA1C8CE004AFF81 /* MGSwipeButton.m in Sources */,
				5B5078C8204A759A00712ADE /* TrackTableViewCell.swift in Sources */,
				C498CB761D9ED52D00B73FF1 /* GlobalFunctions.swift in Sources */,
				C4CC8D8A1D8A7F8600BF68A1 /* AppDelegate.swift in Sources */,
				5BFFCE0D2040B1DE00716A78 /* Extensions.swift in Sources */,
				5B5078C1204A346000712ADE /* CompactMusicPlayerVC.swift in Sources */,
				C4444E781DA2867300160F1F /* ESTMusicIndicatorContentView.swift in Sources */,
				5B3949CF1D8D12DB00A20E7E /* TrackCell.swift in Sources */,
				5B33AF1220532404006A8B86 /* CoreDataModel.xcdatamodeld in Sources */,
				5BFFCE0B2040AC7A00716A78 /* TrackListTableVC.swift in Sources */,
				C4444E731DA2788400160F1F /* MarqueeLabel.m in Sources */,
				C47D51B71D8FE33700968226 /* SwiftNotificationBanner.swift in Sources */,
				C45FF8121D9137DC001637A7 /* CommandCenter.swift in Sources */,
				5B3949D11D8D146500A20E7E /* Download.swift in Sources */,
			);
			runOnlyForDeploymentPostprocessing = 0;
		};
/* End PBXSourcesBuildPhase section */

/* Begin PBXTargetDependency section */
		5B7A10B32042CCB500CF3E8C /* PBXTargetDependency */ = {
			isa = PBXTargetDependency;
			name = LNPopupController;
			targetProxy = 5B7A10B22042CCB500CF3E8C /* PBXContainerItemProxy */;
		};
/* End PBXTargetDependency section */

/* Begin PBXVariantGroup section */
		C4CC8D921D8A7F8600BF68A1 /* LaunchScreen.storyboard */ = {
			isa = PBXVariantGroup;
			children = (
				C4CC8D931D8A7F8600BF68A1 /* Base */,
			);
			name = LaunchScreen.storyboard;
			sourceTree = "<group>";
		};
/* End PBXVariantGroup section */

/* Begin XCBuildConfiguration section */
		C4CC8D961D8A7F8600BF68A1 /* Debug */ = {
			isa = XCBuildConfiguration;
			buildSettings = {
				ALWAYS_SEARCH_USER_PATHS = NO;
				CLANG_ANALYZER_NONNULL = YES;
				CLANG_CXX_LANGUAGE_STANDARD = "gnu++0x";
				CLANG_CXX_LIBRARY = "libc++";
				CLANG_ENABLE_MODULES = YES;
				CLANG_ENABLE_OBJC_ARC = YES;
				CLANG_WARN_BLOCK_CAPTURE_AUTORELEASING = YES;
				CLANG_WARN_BOOL_CONVERSION = YES;
				CLANG_WARN_COMMA = YES;
				CLANG_WARN_CONSTANT_CONVERSION = YES;
				CLANG_WARN_DIRECT_OBJC_ISA_USAGE = YES_ERROR;
				CLANG_WARN_DOCUMENTATION_COMMENTS = YES;
				CLANG_WARN_EMPTY_BODY = YES;
				CLANG_WARN_ENUM_CONVERSION = YES;
				CLANG_WARN_INFINITE_RECURSION = YES;
				CLANG_WARN_INT_CONVERSION = YES;
				CLANG_WARN_NON_LITERAL_NULL_CONVERSION = YES;
				CLANG_WARN_OBJC_LITERAL_CONVERSION = YES;
				CLANG_WARN_OBJC_ROOT_CLASS = YES_ERROR;
				CLANG_WARN_RANGE_LOOP_ANALYSIS = YES;
				CLANG_WARN_STRICT_PROTOTYPES = YES;
				CLANG_WARN_SUSPICIOUS_MOVE = YES;
				CLANG_WARN_SUSPICIOUS_MOVES = YES;
				CLANG_WARN_UNREACHABLE_CODE = YES;
				CLANG_WARN__DUPLICATE_METHOD_MATCH = YES;
				"CODE_SIGN_IDENTITY[sdk=iphoneos*]" = "iPhone Developer";
				COPY_PHASE_STRIP = NO;
				DEBUG_INFORMATION_FORMAT = dwarf;
				ENABLE_STRICT_OBJC_MSGSEND = YES;
				ENABLE_TESTABILITY = YES;
				GCC_C_LANGUAGE_STANDARD = gnu99;
				GCC_DYNAMIC_NO_PIC = NO;
				GCC_NO_COMMON_BLOCKS = YES;
				GCC_OPTIMIZATION_LEVEL = 0;
				GCC_PREPROCESSOR_DEFINITIONS = (
					"DEBUG=1",
					"$(inherited)",
				);
				GCC_WARN_64_TO_32_BIT_CONVERSION = YES;
				GCC_WARN_ABOUT_RETURN_TYPE = YES_ERROR;
				GCC_WARN_UNDECLARED_SELECTOR = YES;
				GCC_WARN_UNINITIALIZED_AUTOS = YES_AGGRESSIVE;
				GCC_WARN_UNUSED_FUNCTION = YES;
				GCC_WARN_UNUSED_VARIABLE = YES;
				IPHONEOS_DEPLOYMENT_TARGET = 8.0;
				MTL_ENABLE_DEBUG_INFO = YES;
				ONLY_ACTIVE_ARCH = YES;
				SDKROOT = iphoneos;
				SWIFT_ACTIVE_COMPILATION_CONDITIONS = DEBUG;
				SWIFT_OPTIMIZATION_LEVEL = "-Onone";
			};
			name = Debug;
		};
		C4CC8D971D8A7F8600BF68A1 /* Release */ = {
			isa = XCBuildConfiguration;
			buildSettings = {
				ALWAYS_SEARCH_USER_PATHS = NO;
				CLANG_ANALYZER_NONNULL = YES;
				CLANG_CXX_LANGUAGE_STANDARD = "gnu++0x";
				CLANG_CXX_LIBRARY = "libc++";
				CLANG_ENABLE_MODULES = YES;
				CLANG_ENABLE_OBJC_ARC = YES;
				CLANG_WARN_BLOCK_CAPTURE_AUTORELEASING = YES;
				CLANG_WARN_BOOL_CONVERSION = YES;
				CLANG_WARN_COMMA = YES;
				CLANG_WARN_CONSTANT_CONVERSION = YES;
				CLANG_WARN_DIRECT_OBJC_ISA_USAGE = YES_ERROR;
				CLANG_WARN_DOCUMENTATION_COMMENTS = YES;
				CLANG_WARN_EMPTY_BODY = YES;
				CLANG_WARN_ENUM_CONVERSION = YES;
				CLANG_WARN_INFINITE_RECURSION = YES;
				CLANG_WARN_INT_CONVERSION = YES;
				CLANG_WARN_NON_LITERAL_NULL_CONVERSION = YES;
				CLANG_WARN_OBJC_LITERAL_CONVERSION = YES;
				CLANG_WARN_OBJC_ROOT_CLASS = YES_ERROR;
				CLANG_WARN_RANGE_LOOP_ANALYSIS = YES;
				CLANG_WARN_STRICT_PROTOTYPES = YES;
				CLANG_WARN_SUSPICIOUS_MOVE = YES;
				CLANG_WARN_SUSPICIOUS_MOVES = YES;
				CLANG_WARN_UNREACHABLE_CODE = YES;
				CLANG_WARN__DUPLICATE_METHOD_MATCH = YES;
				"CODE_SIGN_IDENTITY[sdk=iphoneos*]" = "iPhone Developer";
				COPY_PHASE_STRIP = NO;
				DEBUG_INFORMATION_FORMAT = "dwarf-with-dsym";
				ENABLE_NS_ASSERTIONS = NO;
				ENABLE_STRICT_OBJC_MSGSEND = YES;
				GCC_C_LANGUAGE_STANDARD = gnu99;
				GCC_NO_COMMON_BLOCKS = YES;
				GCC_WARN_64_TO_32_BIT_CONVERSION = YES;
				GCC_WARN_ABOUT_RETURN_TYPE = YES_ERROR;
				GCC_WARN_UNDECLARED_SELECTOR = YES;
				GCC_WARN_UNINITIALIZED_AUTOS = YES_AGGRESSIVE;
				GCC_WARN_UNUSED_FUNCTION = YES;
				GCC_WARN_UNUSED_VARIABLE = YES;
				IPHONEOS_DEPLOYMENT_TARGET = 8.0;
				MTL_ENABLE_DEBUG_INFO = NO;
				SDKROOT = iphoneos;
				SWIFT_OPTIMIZATION_LEVEL = "-Owholemodule";
				VALIDATE_PRODUCT = YES;
			};
			name = Release;
		};
		C4CC8D991D8A7F8600BF68A1 /* Debug */ = {
			isa = XCBuildConfiguration;
			baseConfigurationReference = ADA000499C89EF66BC4E0D77 /* Pods-Muzonchik.debug.xcconfig */;
			buildSettings = {
				ALWAYS_EMBED_SWIFT_STANDARD_LIBRARIES = YES;
				ASSETCATALOG_COMPILER_APPICON_NAME = AppIcon;
				CLANG_ENABLE_MODULES = YES;
				"CODE_SIGN_IDENTITY[sdk=iphoneos*]" = "iPhone Developer";
				DEVELOPMENT_TEAM = BC9BB978A8;
				FRAMEWORK_SEARCH_PATHS = (
					"$(inherited)",
					"$(PROJECT_DIR)/VKMusic",
				);
				IBC_WARNINGS = NO;
				IBSC_WARNINGS = NO;
				INFOPLIST_FILE = VKMusic/Info.plist;
				IPHONEOS_DEPLOYMENT_TARGET = 9.0;
				LD_RUNPATH_SEARCH_PATHS = "$(inherited) @executable_path/Frameworks";
				PRODUCT_BUNDLE_IDENTIFIER = com.VKM.enjoy;
				PRODUCT_NAME = "$(TARGET_NAME)";
				PROVISIONING_PROFILE = "";
				PROVISIONING_PROFILE_SPECIFIER = "";
				SWIFT_OBJC_BRIDGING_HEADER = "VKMusic/VKMusic-Bridging-Header.h";
				SWIFT_OPTIMIZATION_LEVEL = "-Onone";
				SWIFT_SUPPRESS_WARNINGS = YES;
				SWIFT_SWIFT3_OBJC_INFERENCE = Default;
				SWIFT_VERSION = 4.0;
				TARGETED_DEVICE_FAMILY = 1;
			};
			name = Debug;
		};
		C4CC8D9A1D8A7F8600BF68A1 /* Release */ = {
			isa = XCBuildConfiguration;
			baseConfigurationReference = F5E0C33E2295853D40E59673 /* Pods-Muzonchik.release.xcconfig */;
			buildSettings = {
				ALWAYS_EMBED_SWIFT_STANDARD_LIBRARIES = YES;
				ASSETCATALOG_COMPILER_APPICON_NAME = AppIcon;
				CLANG_ENABLE_MODULES = YES;
				"CODE_SIGN_IDENTITY[sdk=iphoneos*]" = "iPhone Developer";
				DEVELOPMENT_TEAM = BC9BB978A8;
				FRAMEWORK_SEARCH_PATHS = (
					"$(inherited)",
					"$(PROJECT_DIR)/VKMusic",
				);
				IBC_WARNINGS = NO;
				IBSC_WARNINGS = NO;
				INFOPLIST_FILE = VKMusic/Info.plist;
				IPHONEOS_DEPLOYMENT_TARGET = 9.0;
				LD_RUNPATH_SEARCH_PATHS = "$(inherited) @executable_path/Frameworks";
				PRODUCT_BUNDLE_IDENTIFIER = com.VKM.enjoy;
				PRODUCT_NAME = "$(TARGET_NAME)";
				PROVISIONING_PROFILE = "";
				PROVISIONING_PROFILE_SPECIFIER = "";
				SWIFT_OBJC_BRIDGING_HEADER = "VKMusic/VKMusic-Bridging-Header.h";
				SWIFT_SUPPRESS_WARNINGS = YES;
				SWIFT_SWIFT3_OBJC_INFERENCE = Default;
				SWIFT_VERSION = 4.0;
				TARGETED_DEVICE_FAMILY = 1;
			};
			name = Release;
		};
/* End XCBuildConfiguration section */

/* Begin XCConfigurationList section */
		C4CC8D811D8A7F8600BF68A1 /* Build configuration list for PBXProject "Muzonchik" */ = {
			isa = XCConfigurationList;
			buildConfigurations = (
				C4CC8D961D8A7F8600BF68A1 /* Debug */,
				C4CC8D971D8A7F8600BF68A1 /* Release */,
			);
			defaultConfigurationIsVisible = 0;
			defaultConfigurationName = Release;
		};
		C4CC8D981D8A7F8600BF68A1 /* Build configuration list for PBXNativeTarget "Muzonchik" */ = {
			isa = XCConfigurationList;
			buildConfigurations = (
				C4CC8D991D8A7F8600BF68A1 /* Debug */,
				C4CC8D9A1D8A7F8600BF68A1 /* Release */,
			);
			defaultConfigurationIsVisible = 0;
			defaultConfigurationName = Release;
		};
/* End XCConfigurationList section */

/* Begin XCVersionGroup section */
		5B33AF1020532404006A8B86 /* CoreDataModel.xcdatamodeld */ = {
			isa = XCVersionGroup;
			children = (
				5B33AF1120532404006A8B86 /* CoreDataModel.xcdatamodel */,
			);
			currentVersion = 5B33AF1120532404006A8B86 /* CoreDataModel.xcdatamodel */;
			path = CoreDataModel.xcdatamodeld;
			sourceTree = "<group>";
			versionGroupType = wrapper.xcdatamodel;
		};
/* End XCVersionGroup section */
	};
	rootObject = C4CC8D7E1D8A7F8600BF68A1 /* Project object */;
}
